Microsoft Visual Studio Solution File, Format Version 12.00
# Visual Studio 15
VisualStudioVersion = 15.0.26730.16
MinimumVisualStudioVersion = 10.0.40219.1
Project("{2150E333-8FDC-42A3-9474-1A3956D46DE8}") = "CMake", "CMake", "{389110DD-1564-38CF-90D7-21C381780759}"
EndProject
Project("{2150E333-8FDC-42A3-9474-1A3956D46DE8}") = "SFML", "SFML", "{B46DE752-FB17-3F15-9603-88B219914F10}"
EndProject
Project("{8BC9CEB8-8B4A-11D0-8D11-00A0C91BC942}") = "ALL_BUILD", "ALL_BUILD.vcxproj", "{7D8B0489-3560-3289-B61C-869D746161EC}"
	ProjectSection(ProjectDependencies) = postProject
		{83FFBA8B-C46A-361B-87A7-155CBF747011} = {83FFBA8B-C46A-361B-87A7-155CBF747011}
		{80F25407-B383-3F09-9D35-C64D59658FDF} = {80F25407-B383-3F09-9D35-C64D59658FDF}
		{1C9EC33C-9113-3681-89B3-61BDD712F614} = {1C9EC33C-9113-3681-89B3-61BDD712F614}
		{AE5C214F-FD5F-3A7A-81C0-76C676F336AF} = {AE5C214F-FD5F-3A7A-81C0-76C676F336AF}
		{A4739A00-4008-3F62-877E-716D67369843} = {A4739A00-4008-3F62-877E-716D67369843}
		{C4AE0337-506E-3E1C-8F96-94558A89E991} = {C4AE0337-506E-3E1C-8F96-94558A89E991}
		{7D534CD3-73FB-3FA3-81C9-A8D3F7792D23} = {7D534CD3-73FB-3FA3-81C9-A8D3F7792D23}
	EndProjectSection
EndProject
Project("{8BC9CEB8-8B4A-11D0-8D11-00A0C91BC942}") = "INSTALL", "INSTALL.vcxproj", "{AABA12A2-7FE7-3BA4-A6AD-4B3C0F63AA78}"
	ProjectSection(ProjectDependencies) = postProject
		{7D8B0489-3560-3289-B61C-869D746161EC} = {7D8B0489-3560-3289-B61C-869D746161EC}
		{83FFBA8B-C46A-361B-87A7-155CBF747011} = {83FFBA8B-C46A-361B-87A7-155CBF747011}
	EndProjectSection
EndProject
Project("{8BC9CEB8-8B4A-11D0-8D11-00A0C91BC942}") = "ZERO_CHECK", "ZERO_CHECK.vcxproj", "{83FFBA8B-C46A-361B-87A7-155CBF747011}"
EndProject
Project("{8BC9CEB8-8B4A-11D0-8D11-00A0C91BC942}") = "sfml-audio", "src\SFML\Audio\sfml-audio.vcxproj", "{80F25407-B383-3F09-9D35-C64D59658FDF}"
	ProjectSection(ProjectDependencies) = postProject
		{83FFBA8B-C46A-361B-87A7-155CBF747011} = {83FFBA8B-C46A-361B-87A7-155CBF747011}
		{C4AE0337-506E-3E1C-8F96-94558A89E991} = {C4AE0337-506E-3E1C-8F96-94558A89E991}
	EndProjectSection
EndProject
Project("{8BC9CEB8-8B4A-11D0-8D11-00A0C91BC942}") = "sfml-graphics", "src\SFML\Graphics\sfml-graphics.vcxproj", "{1C9EC33C-9113-3681-89B3-61BDD712F614}"
	ProjectSection(ProjectDependencies) = postProject
		{83FFBA8B-C46A-361B-87A7-155CBF747011} = {83FFBA8B-C46A-361B-87A7-155CBF747011}
		{C4AE0337-506E-3E1C-8F96-94558A89E991} = {C4AE0337-506E-3E1C-8F96-94558A89E991}
		{7D534CD3-73FB-3FA3-81C9-A8D3F7792D23} = {7D534CD3-73FB-3FA3-81C9-A8D3F7792D23}
	EndProjectSection
EndProject
Project("{8BC9CEB8-8B4A-11D0-8D11-00A0C91BC942}") = "sfml-main", "src\SFML\Main\sfml-main.vcxproj", "{AE5C214F-FD5F-3A7A-81C0-76C676F336AF}"
	ProjectSection(ProjectDependencies) = postProject
		{83FFBA8B-C46A-361B-87A7-155CBF747011} = {83FFBA8B-C46A-361B-87A7-155CBF747011}
	EndProjectSection
EndProject
Project("{8BC9CEB8-8B4A-11D0-8D11-00A0C91BC942}") = "sfml-network", "src\SFML\Network\sfml-network.vcxproj", "{A4739A00-4008-3F62-877E-716D67369843}"
	ProjectSection(ProjectDependencies) = postProject
		{83FFBA8B-C46A-361B-87A7-155CBF747011} = {83FFBA8B-C46A-361B-87A7-155CBF747011}
		{C4AE0337-506E-3E1C-8F96-94558A89E991} = {C4AE0337-506E-3E1C-8F96-94558A89E991}
	EndProjectSection
EndProject
Project("{8BC9CEB8-8B4A-11D0-8D11-00A0C91BC942}") = "sfml-system", "src\SFML\System\sfml-system.vcxproj", "{C4AE0337-506E-3E1C-8F96-94558A89E991}"
	ProjectSection(ProjectDependencies) = postProject
		{83FFBA8B-C46A-361B-87A7-155CBF747011} = {83FFBA8B-C46A-361B-87A7-155CBF747011}
	EndProjectSection
EndProject
Project("{8BC9CEB8-8B4A-11D0-8D11-00A0C91BC942}") = "sfml-window", "src\SFML\Window\sfml-window.vcxproj", "{7D534CD3-73FB-3FA3-81C9-A8D3F7792D23}"
	ProjectSection(ProjectDependencies) = postProject
		{83FFBA8B-C46A-361B-87A7-155CBF747011} = {83FFBA8B-C46A-361B-87A7-155CBF747011}
		{C4AE0337-506E-3E1C-8F96-94558A89E991} = {C4AE0337-506E-3E1C-8F96-94558A89E991}
	EndProjectSection
EndProject
Global
	GlobalSection(SolutionConfigurationPlatforms) = preSolution
		Debug|Win32 = Debug|Win32
		Debug|x64 = Debug|x64
		MinSizeRel|Win32 = MinSizeRel|Win32
		MinSizeRel|x64 = MinSizeRel|x64
		Release|Win32 = Release|Win32
		Release|x64 = Release|x64
		RelWithDebInfo|Win32 = RelWithDebInfo|Win32
		RelWithDebInfo|x64 = RelWithDebInfo|x64
	EndGlobalSection
	GlobalSection(ProjectConfigurationPlatforms) = postSolution
		{7D8B0489-3560-3289-B61C-869D746161EC}.Debug|Win32.ActiveCfg = Debug|Win32
		{7D8B0489-3560-3289-B61C-869D746161EC}.Debug|Win32.Build.0 = Debug|Win32
		{7D8B0489-3560-3289-B61C-869D746161EC}.Debug|x64.ActiveCfg = Debug|x64
		{7D8B0489-3560-3289-B61C-869D746161EC}.Debug|x64.Build.0 = Debug|x64
		{7D8B0489-3560-3289-B61C-869D746161EC}.MinSizeRel|Win32.ActiveCfg = MinSizeRel|Win32
		{7D8B0489-3560-3289-B61C-869D746161EC}.MinSizeRel|Win32.Build.0 = MinSizeRel|Win32
		{7D8B0489-3560-3289-B61C-869D746161EC}.MinSizeRel|x64.ActiveCfg = MinSizeRel|x64
		{7D8B0489-3560-3289-B61C-869D746161EC}.MinSizeRel|x64.Build.0 = MinSizeRel|x64
		{7D8B0489-3560-3289-B61C-869D746161EC}.Release|Win32.ActiveCfg = Release|Win32
		{7D8B0489-3560-3289-B61C-869D746161EC}.Release|Win32.Build.0 = Release|Win32
		{7D8B0489-3560-3289-B61C-869D746161EC}.Release|x64.ActiveCfg = Release|x64
		{7D8B0489-3560-3289-B61C-869D746161EC}.Release|x64.Build.0 = Release|x64
		{7D8B0489-3560-3289-B61C-869D746161EC}.RelWithDebInfo|Win32.ActiveCfg = RelWithDebInfo|Win32
		{7D8B0489-3560-3289-B61C-869D746161EC}.RelWithDebInfo|Win32.Build.0 = RelWithDebInfo|Win32
		{7D8B0489-3560-3289-B61C-869D746161EC}.RelWithDebInfo|x64.ActiveCfg = RelWithDebInfo|x64
		{7D8B0489-3560-3289-B61C-869D746161EC}.RelWithDebInfo|x64.Build.0 = RelWithDebInfo|x64
		{AABA12A2-7FE7-3BA4-A6AD-4B3C0F63AA78}.Debug|Win32.ActiveCfg = Debug|Win32
		{AABA12A2-7FE7-3BA4-A6AD-4B3C0F63AA78}.Debug|x64.ActiveCfg = Debug|x64
		{AABA12A2-7FE7-3BA4-A6AD-4B3C0F63AA78}.MinSizeRel|Win32.ActiveCfg = MinSizeRel|Win32
		{AABA12A2-7FE7-3BA4-A6AD-4B3C0F63AA78}.MinSizeRel|x64.ActiveCfg = MinSizeRel|x64
		{AABA12A2-7FE7-3BA4-A6AD-4B3C0F63AA78}.Release|Win32.ActiveCfg = Release|Win32
		{AABA12A2-7FE7-3BA4-A6AD-4B3C0F63AA78}.Release|x64.ActiveCfg = Release|x64
		{AABA12A2-7FE7-3BA4-A6AD-4B3C0F63AA78}.RelWithDebInfo|Win32.ActiveCfg = RelWithDebInfo|Win32
		{AABA12A2-7FE7-3BA4-A6AD-4B3C0F63AA78}.RelWithDebInfo|x64.ActiveCfg = RelWithDebInfo|x64
		{83FFBA8B-C46A-361B-87A7-155CBF747011}.Debug|Win32.ActiveCfg = Debug|Win32
		{83FFBA8B-C46A-361B-87A7-155CBF747011}.Debug|Win32.Build.0 = Debug|Win32
		{83FFBA8B-C46A-361B-87A7-155CBF747011}.Debug|x64.ActiveCfg = Debug|x64
		{83FFBA8B-C46A-361B-87A7-155CBF747011}.Debug|x64.Build.0 = Debug|x64
		{83FFBA8B-C46A-361B-87A7-155CBF747011}.MinSizeRel|Win32.ActiveCfg = MinSizeRel|Win32
		{83FFBA8B-C46A-361B-87A7-155CBF747011}.MinSizeRel|Win32.Build.0 = MinSizeRel|Win32
		{83FFBA8B-C46A-361B-87A7-155CBF747011}.MinSizeRel|x64.ActiveCfg = MinSizeRel|x64
		{83FFBA8B-C46A-361B-87A7-155CBF747011}.MinSizeRel|x64.Build.0 = MinSizeRel|x64
		{83FFBA8B-C46A-361B-87A7-155CBF747011}.Release|Win32.ActiveCfg = Release|Win32
		{83FFBA8B-C46A-361B-87A7-155CBF747011}.Release|Win32.Build.0 = Release|Win32
		{83FFBA8B-C46A-361B-87A7-155CBF747011}.Release|x64.ActiveCfg = Release|x64
		{83FFBA8B-C46A-361B-87A7-155CBF747011}.Release|x64.Build.0 = Release|x64
		{83FFBA8B-C46A-361B-87A7-155CBF747011}.RelWithDebInfo|Win32.ActiveCfg = RelWithDebInfo|Win32
		{83FFBA8B-C46A-361B-87A7-155CBF747011}.RelWithDebInfo|Win32.Build.0 = RelWithDebInfo|Win32
		{83FFBA8B-C46A-361B-87A7-155CBF747011}.RelWithDebInfo|x64.ActiveCfg = RelWithDebInfo|x64
		{83FFBA8B-C46A-361B-87A7-155CBF747011}.RelWithDebInfo|x64.Build.0 = RelWithDebInfo|x64
		{80F25407-B383-3F09-9D35-C64D59658FDF}.Debug|Win32.ActiveCfg = Debug|Win32
		{80F25407-B383-3F09-9D35-C64D59658FDF}.Debug|Win32.Build.0 = Debug|Win32
		{80F25407-B383-3F09-9D35-C64D59658FDF}.Debug|x64.ActiveCfg = Debug|x64
		{80F25407-B383-3F09-9D35-C64D59658FDF}.Debug|x64.Build.0 = Debug|x64
		{80F25407-B383-3F09-9D35-C64D59658FDF}.MinSizeRel|Win32.ActiveCfg = MinSizeRel|Win32
		{80F25407-B383-3F09-9D35-C64D59658FDF}.MinSizeRel|Win32.Build.0 = MinSizeRel|Win32
		{80F25407-B383-3F09-9D35-C64D59658FDF}.MinSizeRel|x64.ActiveCfg = MinSizeRel|x64
		{80F25407-B383-3F09-9D35-C64D59658FDF}.MinSizeRel|x64.Build.0 = MinSizeRel|x64
		{80F25407-B383-3F09-9D35-C64D59658FDF}.Release|Win32.ActiveCfg = Release|Win32
		{80F25407-B383-3F09-9D35-C64D59658FDF}.Release|Win32.Build.0 = Release|Win32
		{80F25407-B383-3F09-9D35-C64D59658FDF}.Release|x64.ActiveCfg = Release|x64
		{80F25407-B383-3F09-9D35-C64D59658FDF}.Release|x64.Build.0 = Release|x64
		{80F25407-B383-3F09-9D35-C64D59658FDF}.RelWithDebInfo|Win32.ActiveCfg = RelWithDebInfo|Win32
		{80F25407-B383-3F09-9D35-C64D59658FDF}.RelWithDebInfo|Win32.Build.0 = RelWithDebInfo|Win32
		{80F25407-B383-3F09-9D35-C64D59658FDF}.RelWithDebInfo|x64.ActiveCfg = RelWithDebInfo|x64
		{80F25407-B383-3F09-9D35-C64D59658FDF}.RelWithDebInfo|x64.Build.0 = RelWithDebInfo|x64
		{1C9EC33C-9113-3681-89B3-61BDD712F614}.Debug|Win32.ActiveCfg = Debug|Win32
		{1C9EC33C-9113-3681-89B3-61BDD712F614}.Debug|Win32.Build.0 = Debug|Win32
		{1C9EC33C-9113-3681-89B3-61BDD712F614}.Debug|x64.ActiveCfg = Debug|x64
		{1C9EC33C-9113-3681-89B3-61BDD712F614}.Debug|x64.Build.0 = Debug|x64
		{1C9EC33C-9113-3681-89B3-61BDD712F614}.MinSizeRel|Win32.ActiveCfg = MinSizeRel|Win32
		{1C9EC33C-9113-3681-89B3-61BDD712F614}.MinSizeRel|Win32.Build.0 = MinSizeRel|Win32
		{1C9EC33C-9113-3681-89B3-61BDD712F614}.MinSizeRel|x64.ActiveCfg = MinSizeRel|x64
		{1C9EC33C-9113-3681-89B3-61BDD712F614}.MinSizeRel|x64.Build.0 = MinSizeRel|x64
		{1C9EC33C-9113-3681-89B3-61BDD712F614}.Release|Win32.ActiveCfg = Release|Win32
		{1C9EC33C-9113-3681-89B3-61BDD712F614}.Release|Win32.Build.0 = Release|Win32
		{1C9EC33C-9113-3681-89B3-61BDD712F614}.Release|x64.ActiveCfg = Release|x64
		{1C9EC33C-9113-3681-89B3-61BDD712F614}.Release|x64.Build.0 = Release|x64
		{1C9EC33C-9113-3681-89B3-61BDD712F614}.RelWithDebInfo|Win32.ActiveCfg = RelWithDebInfo|Win32
		{1C9EC33C-9113-3681-89B3-61BDD712F614}.RelWithDebInfo|Win32.Build.0 = RelWithDebInfo|Win32
		{1C9EC33C-9113-3681-89B3-61BDD712F614}.RelWithDebInfo|x64.ActiveCfg = RelWithDebInfo|x64
		{1C9EC33C-9113-3681-89B3-61BDD712F614}.RelWithDebInfo|x64.Build.0 = RelWithDebInfo|x64
		{AE5C214F-FD5F-3A7A-81C0-76C676F336AF}.Debug|Win32.ActiveCfg = Debug|Win32
		{AE5C214F-FD5F-3A7A-81C0-76C676F336AF}.Debug|Win32.Build.0 = Debug|Win32
		{AE5C214F-FD5F-3A7A-81C0-76C676F336AF}.Debug|x64.ActiveCfg = Debug|x64
		{AE5C214F-FD5F-3A7A-81C0-76C676F336AF}.Debug|x64.Build.0 = Debug|x64
		{AE5C214F-FD5F-3A7A-81C0-76C676F336AF}.MinSizeRel|Win32.ActiveCfg = MinSizeRel|Win32
		{AE5C214F-FD5F-3A7A-81C0-76C676F336AF}.MinSizeRel|Win32.Build.0 = MinSizeRel|Win32
		{AE5C214F-FD5F-3A7A-81C0-76C676F336AF}.MinSizeRel|x64.ActiveCfg = MinSizeRel|x64
		{AE5C214F-FD5F-3A7A-81C0-76C676F336AF}.MinSizeRel|x64.Build.0 = MinSizeRel|x64
		{AE5C214F-FD5F-3A7A-81C0-76C676F336AF}.Release|Win32.ActiveCfg = Release|Win32
		{AE5C214F-FD5F-3A7A-81C0-76C676F336AF}.Release|Win32.Build.0 = Release|Win32
		{AE5C214F-FD5F-3A7A-81C0-76C676F336AF}.Release|x64.ActiveCfg = Release|x64
		{AE5C214F-FD5F-3A7A-81C0-76C676F336AF}.Release|x64.Build.0 = Release|x64
		{AE5C214F-FD5F-3A7A-81C0-76C676F336AF}.RelWithDebInfo|Win32.ActiveCfg = RelWithDebInfo|Win32
		{AE5C214F-FD5F-3A7A-81C0-76C676F336AF}.RelWithDebInfo|Win32.Build.0 = RelWithDebInfo|Win32
		{AE5C214F-FD5F-3A7A-81C0-76C676F336AF}.RelWithDebInfo|x64.ActiveCfg = RelWithDebInfo|x64
		{AE5C214F-FD5F-3A7A-81C0-76C676F336AF}.RelWithDebInfo|x64.Build.0 = RelWithDebInfo|x64
		{A4739A00-4008-3F62-877E-716D67369843}.Debug|Win32.ActiveCfg = Debug|Win32
		{A4739A00-4008-3F62-877E-716D67369843}.Debug|Win32.Build.0 = Debug|Win32
		{A4739A00-4008-3F62-877E-716D67369843}.Debug|x64.ActiveCfg = Debug|x64
		{A4739A00-4008-3F62-877E-716D67369843}.Debug|x64.Build.0 = Debug|x64
		{A4739A00-4008-3F62-877E-716D67369843}.MinSizeRel|Win32.ActiveCfg = MinSizeRel|Win32
		{A4739A00-4008-3F62-877E-716D67369843}.MinSizeRel|Win32.Build.0 = MinSizeRel|Win32
		{A4739A00-4008-3F62-877E-716D67369843}.MinSizeRel|x64.ActiveCfg = MinSizeRel|x64
		{A4739A00-4008-3F62-877E-716D67369843}.MinSizeRel|x64.Build.0 = MinSizeRel|x64
		{A4739A00-4008-3F62-877E-716D67369843}.Release|Win32.ActiveCfg = Release|Win32
		{A4739A00-4008-3F62-877E-716D67369843}.Release|Win32.Build.0 = Release|Win32
		{A4739A00-4008-3F62-877E-716D67369843}.Release|x64.ActiveCfg = Release|x64
		{A4739A00-4008-3F62-877E-716D67369843}.Release|x64.Build.0 = Release|x64
		{A4739A00-4008-3F62-877E-716D67369843}.RelWithDebInfo|Win32.ActiveCfg = RelWithDebInfo|Win32
		{A4739A00-4008-3F62-877E-716D67369843}.RelWithDebInfo|Win32.Build.0 = RelWithDebInfo|Win32
		{A4739A00-4008-3F62-877E-716D67369843}.RelWithDebInfo|x64.ActiveCfg = RelWithDebInfo|x64
		{A4739A00-4008-3F62-877E-716D67369843}.RelWithDebInfo|x64.Build.0 = RelWithDebInfo|x64
		{C4AE0337-506E-3E1C-8F96-94558A89E991}.Debug|Win32.ActiveCfg = Debug|Win32
		{C4AE0337-506E-3E1C-8F96-94558A89E991}.Debug|Win32.Build.0 = Debug|Win32
		{C4AE0337-506E-3E1C-8F96-94558A89E991}.Debug|x64.ActiveCfg = Debug|x64
		{C4AE0337-506E-3E1C-8F96-94558A89E991}.Debug|x64.Build.0 = Debug|x64
		{C4AE0337-506E-3E1C-8F96-94558A89E991}.MinSizeRel|Win32.ActiveCfg = MinSizeRel|Win32
		{C4AE0337-506E-3E1C-8F96-94558A89E991}.MinSizeRel|Win32.Build.0 = MinSizeRel|Win32
		{C4AE0337-506E-3E1C-8F96-94558A89E991}.MinSizeRel|x64.ActiveCfg = MinSizeRel|x64
		{C4AE0337-506E-3E1C-8F96-94558A89E991}.MinSizeRel|x64.Build.0 = MinSizeRel|x64
		{C4AE0337-506E-3E1C-8F96-94558A89E991}.Release|Win32.ActiveCfg = Release|Win32
		{C4AE0337-506E-3E1C-8F96-94558A89E991}.Release|Win32.Build.0 = Release|Win32
		{C4AE0337-506E-3E1C-8F96-94558A89E991}.Release|x64.ActiveCfg = Release|x64
		{C4AE0337-506E-3E1C-8F96-94558A89E991}.Release|x64.Build.0 = Release|x64
		{C4AE0337-506E-3E1C-8F96-94558A89E991}.RelWithDebInfo|Win32.ActiveCfg = RelWithDebInfo|Win32
		{C4AE0337-506E-3E1C-8F96-94558A89E991}.RelWithDebInfo|Win32.Build.0 = RelWithDebInfo|Win32
		{C4AE0337-506E-3E1C-8F96-94558A89E991}.RelWithDebInfo|x64.ActiveCfg = RelWithDebInfo|x64
		{C4AE0337-506E-3E1C-8F96-94558A89E991}.RelWithDebInfo|x64.Build.0 = RelWithDebInfo|x64
		{7D534CD3-73FB-3FA3-81C9-A8D3F7792D23}.Debug|Win32.ActiveCfg = Debug|Win32
		{7D534CD3-73FB-3FA3-81C9-A8D3F7792D23}.Debug|Win32.Build.0 = Debug|Win32
		{7D534CD3-73FB-3FA3-81C9-A8D3F7792D23}.Debug|x64.ActiveCfg = Debug|x64
		{7D534CD3-73FB-3FA3-81C9-A8D3F7792D23}.Debug|x64.Build.0 = Debug|x64
		{7D534CD3-73FB-3FA3-81C9-A8D3F7792D23}.MinSizeRel|Win32.ActiveCfg = MinSizeRel|Win32
		{7D534CD3-73FB-3FA3-81C9-A8D3F7792D23}.MinSizeRel|Win32.Build.0 = MinSizeRel|Win32
		{7D534CD3-73FB-3FA3-81C9-A8D3F7792D23}.MinSizeRel|x64.ActiveCfg = MinSizeRel|x64
		{7D534CD3-73FB-3FA3-81C9-A8D3F7792D23}.MinSizeRel|x64.Build.0 = MinSizeRel|x64
		{7D534CD3-73FB-3FA3-81C9-A8D3F7792D23}.Release|Win32.ActiveCfg = Release|Win32
		{7D534CD3-73FB-3FA3-81C9-A8D3F7792D23}.Release|Win32.Build.0 = Release|Win32
		{7D534CD3-73FB-3FA3-81C9-A8D3F7792D23}.Release|x64.ActiveCfg = Release|x64
		{7D534CD3-73FB-3FA3-81C9-A8D3F7792D23}.Release|x64.Build.0 = Release|x64
		{7D534CD3-73FB-3FA3-81C9-A8D3F7792D23}.RelWithDebInfo|Win32.ActiveCfg = RelWithDebInfo|Win32
		{7D534CD3-73FB-3FA3-81C9-A8D3F7792D23}.RelWithDebInfo|Win32.Build.0 = RelWithDebInfo|Win32
		{7D534CD3-73FB-3FA3-81C9-A8D3F7792D23}.RelWithDebInfo|x64.ActiveCfg = RelWithDebInfo|x64
		{7D534CD3-73FB-3FA3-81C9-A8D3F7792D23}.RelWithDebInfo|x64.Build.0 = RelWithDebInfo|x64
	EndGlobalSection
	GlobalSection(SolutionProperties) = preSolution
		HideSolutionNode = FALSE
	EndGlobalSection
	GlobalSection(NestedProjects) = preSolution
		{7D8B0489-3560-3289-B61C-869D746161EC} = {389110DD-1564-38CF-90D7-21C381780759}
		{AABA12A2-7FE7-3BA4-A6AD-4B3C0F63AA78} = {389110DD-1564-38CF-90D7-21C381780759}
		{83FFBA8B-C46A-361B-87A7-155CBF747011} = {389110DD-1564-38CF-90D7-21C381780759}
		{80F25407-B383-3F09-9D35-C64D59658FDF} = {B46DE752-FB17-3F15-9603-88B219914F10}
		{1C9EC33C-9113-3681-89B3-61BDD712F614} = {B46DE752-FB17-3F15-9603-88B219914F10}
		{AE5C214F-FD5F-3A7A-81C0-76C676F336AF} = {B46DE752-FB17-3F15-9603-88B219914F10}
		{A4739A00-4008-3F62-877E-716D67369843} = {B46DE752-FB17-3F15-9603-88B219914F10}
		{C4AE0337-506E-3E1C-8F96-94558A89E991} = {B46DE752-FB17-3F15-9603-88B219914F10}
		{7D534CD3-73FB-3FA3-81C9-A8D3F7792D23} = {B46DE752-FB17-3F15-9603-88B219914F10}
	EndGlobalSection
	GlobalSection(ExtensibilityGlobals) = postSolution
		SolutionGuid = {A228AA1E-14D1-38E0-AC88-CBC89202F16E}
	EndGlobalSection
EndGlobal
